
Microsoft Visual Studio Solution File, Format Version 12.00
# Visual Studio Version 17
VisualStudioVersion = 17.8.34330.188
MinimumVisualStudioVersion = 10.0.40219.1
Project("{FAE04EC0-301F-11D3-BF4B-00C04F79EFBC}") = "ProcessChecker", "ProcessChecker1\ProcessChecker.csproj", "{DFC93670-3214-4D4C-8F64-77C9C1A36917}"
EndProject
Project("{FAE04EC0-301F-11D3-BF4B-00C04F79EFBC}") = "AppKillerForm", "AppKillerForm\AppKillerForm.csproj", "{132F707C-C7B8-4612-9EDC-66C90F6CF119}"
EndProject
Global
	GlobalSection(SolutionConfigurationPlatforms) = preSolution
		Debug|Any CPU = Debug|Any CPU
		Release|Any CPU = Release|Any CPU
	EndGlobalSection
	GlobalSection(ProjectConfigurationPlatforms) = postSolution
		{DFC93670-3214-4D4C-8F64-77C9C1A36917}.Debug|Any CPU.ActiveCfg = Debug|Any CPU
		{DFC93670-3214-4D4C-8F64-77C9C1A36917}.Debug|Any CPU.Build.0 = Debug|Any CPU
		{DFC93670-3214-4D4C-8F64-77C9C1A36917}.Release|Any CPU.ActiveCfg = Release|Any CPU
		{DFC93670-3214-4D4C-8F64-77C9C1A36917}.Release|Any CPU.Build.0 = Release|Any CPU
		{132F707C-C7B8-4612-9EDC-66C90F6CF119}.Debug|Any CPU.ActiveCfg = Debug|Any CPU
		{132F707C-C7B8-4612-9EDC-66C90F6CF119}.Debug|Any CPU.Build.0 = Debug|Any CPU
		{132F707C-C7B8-4612-9EDC-66C90F6CF119}.Release|Any CPU.ActiveCfg = Release|Any CPU
		{132F707C-C7B8-4612-9EDC-66C90F6CF119}.Release|Any CPU.Build.0 = Release|Any CPU
	EndGlobalSection
	GlobalSection(SolutionProperties) = preSolution
		HideSolutionNode = FALSE
	EndGlobalSection
	GlobalSection(ExtensibilityGlobals) = postSolution
		SolutionGuid = {C6F61E45-4D44-4188-A653-75228D5297BB}
	EndGlobalSection
EndGlobal
